{
  "name": "nginx-web-proxy-binder",
  "version": "1.0.0",
  "lockfileVersion": 1,
  "requires": true,
  "dependencies": {
    "nginx-conf": {
      "version": "1.4.0",
      "resolved": "https://registry.npmjs.org/nginx-conf/-/nginx-conf-1.4.0.tgz",
      "integrity": "sha1-tb0ghwRVp5iL6ARNhtJriCjGd3s="
    }
  }
}
